// !$*UTF8*$!
{
	archiveVersion = 1;
	classes = {
	};
	objectVersion = 77;
	objects = {

/* Begin PBXBuildFile section */
		2071D5C2988CAEE90B8626D6 /* Sound.swift in Sources */ = {isa = PBXBuildFile; fileRef = FC86FADC9B12722F80D8A322 /* Sound.swift */; };
		40BA3761F0315F7CCD087D7D /* Localizable.xcstrings in Resources */ = {isa = PBXBuildFile; fileRef = 09C80DAF89F26D0C3958D4B0 /* Localizable.xcstrings */; };
		48941AFBAABFD77F30E81011 /* Theme.swift in Sources */ = {isa = PBXBuildFile; fileRef = 43D0E22F1C48E3EFB7EABC97 /* Theme.swift */; };
		508D3BE089EB84B16456089A /* QuotableApp.swift in Sources */ = {isa = PBXBuildFile; fileRef = 64E85168A0A7B3C0D436D4A9 /* QuotableApp.swift */; };
		60E5702BD5ABB15B3C57C978 /* Assets.xcassets in Resources */ = {isa = PBXBuildFile; fileRef = D307F023E4118532E949DCA2 /* Assets.xcassets */; };
		7DFF7D7B40A63846C0C2A765 /* Quote.swift in Sources */ = {isa = PBXBuildFile; fileRef = 3BFC408E6EFA84328599CCE6 /* Quote.swift */; };
		B7217E2DA4D5DF9CD42659BC /* quotes.json in Resources */ = {isa = PBXBuildFile; fileRef = 5128DA1479B038DECC148F85 /* quotes.json */; };
		B8B4BA1F10F735DE4F09A5F2 /* Game.swift in Sources */ = {isa = PBXBuildFile; fileRef = B8FACB4D1E162790952E8FA9 /* Game.swift */; };
		DDB5C9151611C89EFFB671F0 /* ContentView.swift in Sources */ = {isa = PBXBuildFile; fileRef = 4DA15A4D922C004188104FA8 /* ContentView.swift */; };
/* End PBXBuildFile section */

/* Begin PBXFileReference section */
		09C80DAF89F26D0C3958D4B0 /* Localizable.xcstrings */ = {isa = PBXFileReference; lastKnownFileType = text.json.xcstrings; path = Localizable.xcstrings; sourceTree = "<group>"; };
		0AC0BE836F69E3802264672C /* Info.plist */ = {isa = PBXFileReference; lastKnownFileType = text.plist; path = Info.plist; sourceTree = "<group>"; };
		3BFC408E6EFA84328599CCE6 /* Quote.swift */ = {isa = PBXFileReference; lastKnownFileType = sourcecode.swift; path = Quote.swift; sourceTree = "<group>"; };
		43D0E22F1C48E3EFB7EABC97 /* Theme.swift */ = {isa = PBXFileReference; lastKnownFileType = sourcecode.swift; path = Theme.swift; sourceTree = "<group>"; };
		4DA15A4D922C004188104FA8 /* ContentView.swift */ = {isa = PBXFileReference; lastKnownFileType = sourcecode.swift; path = ContentView.swift; sourceTree = "<group>"; };
		5128DA1479B038DECC148F85 /* quotes.json */ = {isa = PBXFileReference; lastKnownFileType = text.json; path = quotes.json; sourceTree = "<group>"; };
		64E85168A0A7B3C0D436D4A9 /* QuotableApp.swift */ = {isa = PBXFileReference; lastKnownFileType = sourcecode.swift; path = QuotableApp.swift; sourceTree = "<group>"; };
		B8FACB4D1E162790952E8FA9 /* Game.swift */ = {isa = PBXFileReference; lastKnownFileType = sourcecode.swift; path = Game.swift; sourceTree = "<group>"; };
		D307F023E4118532E949DCA2 /* Assets.xcassets */ = {isa = PBXFileReference; lastKnownFileType = folder.assetcatalog; path = Assets.xcassets; sourceTree = "<group>"; };
		E30DCDB6978F6CBBCFA82D5B /* Quotable.app */ = {isa = PBXFileReference; includeInIndex = 0; lastKnownFileType = wrapper.application; path = Quotable.app; sourceTree = BUILT_PRODUCTS_DIR; };
		FC86FADC9B12722F80D8A322 /* Sound.swift */ = {isa = PBXFileReference; lastKnownFileType = sourcecode.swift; path = Sound.swift; sourceTree = "<group>"; };
/* End PBXFileReference section */

/* Begin PBXGroup section */
		25580EB1E353CAB0B03D98A3 /* Resources */ = {
			isa = PBXGroup;
			children = (
				5128DA1479B038DECC148F85 /* quotes.json */,
			);
			path = Resources;
			sourceTree = "<group>";
		};
		5DBD2FBF6578CB2314CA450F /* Products */ = {
			isa = PBXGroup;
			children = (
				E30DCDB6978F6CBBCFA82D5B /* Quotable.app */,
			);
			name = Products;
			sourceTree = "<group>";
		};
		8D02C81912D7AEE4AA5F7A08 = {
			isa = PBXGroup;
			children = (
				D307F023E4118532E949DCA2 /* Assets.xcassets */,
				917C4E70147AA6EBEBE4F6C9 /* Quotable */,
				5DBD2FBF6578CB2314CA450F /* Products */,
			);
			sourceTree = "<group>";
		};
		917C4E70147AA6EBEBE4F6C9 /* Quotable */ = {
			isa = PBXGroup;
			children = (
				4DA15A4D922C004188104FA8 /* ContentView.swift */,
				B8FACB4D1E162790952E8FA9 /* Game.swift */,
				0AC0BE836F69E3802264672C /* Info.plist */,
				09C80DAF89F26D0C3958D4B0 /* Localizable.xcstrings */,
				64E85168A0A7B3C0D436D4A9 /* QuotableApp.swift */,
				3BFC408E6EFA84328599CCE6 /* Quote.swift */,
				FC86FADC9B12722F80D8A322 /* Sound.swift */,
				43D0E22F1C48E3EFB7EABC97 /* Theme.swift */,
				25580EB1E353CAB0B03D98A3 /* Resources */,
			);
			path = Quotable;
			sourceTree = "<group>";
		};
/* End PBXGroup section */

/* Begin PBXNativeTarget section */
		8081076C34AE39C827C5237D /* Quotable */ = {
			isa = PBXNativeTarget;
			buildConfigurationList = B606E21A725C34D91E2B4604 /* Build configuration list for PBXNativeTarget "Quotable" */;
			buildPhases = (
				3787CB7E06C65D91855706C3 /* Sources */,
				8308F32B5D21585A9792C869 /* Resources */,
			);
			buildRules = (
			);
			dependencies = (
			);
			name = Quotable;
			packageProductDependencies = (
			);
			productName = Quotable;
			productReference = E30DCDB6978F6CBBCFA82D5B /* Quotable.app */;
			productType = "com.apple.product-type.application";
		};
/* End PBXNativeTarget section */

/* Begin PBXProject section */
		E9E01AF695ABA39709AFE4F9 /* Project object */ = {
			isa = PBXProject;
			attributes = {
				BuildIndependentTargetsInParallel = YES;
				LastUpgradeCheck = 1600;
				TargetAttributes = {
					8081076C34AE39C827C5237D = {
						DevelopmentTeam = QMM486NPYC;
						ProvisioningStyle = Automatic;
					};
				};
			};
			buildConfigurationList = 1D442B0A51CC27B51A46E73A /* Build configuration list for PBXProject "Quotable" */;
			developmentRegion = en;
			hasScannedForEncodings = 0;
			knownRegions = (
				Base,
				en,
				fr,
				pa,
				zh,
			);
			mainGroup = 8D02C81912D7AEE4AA5F7A08;
			minimizedProjectReferenceProxies = 1;
			preferredProjectObjectVersion = 77;
			productRefGroup = 5DBD2FBF6578CB2314CA450F /* Products */;
			projectDirPath = "";
			projectRoot = "";
			targets = (
				8081076C34AE39C827C5237D /* Quotable */,
			);
		};
/* End PBXProject section */

/* Begin PBXResourcesBuildPhase section */
		8308F32B5D21585A9792C869 /* Resources */ = {
			isa = PBXResourcesBuildPhase;
			buildActionMask = 2147483647;
			files = (
				60E5702BD5ABB15B3C57C978 /* Assets.xcassets in Resources */,
				40BA3761F0315F7CCD087D7D /* Localizable.xcstrings in Resources */,
				B7217E2DA4D5DF9CD42659BC /* quotes.json in Resources */,
			);
			runOnlyForDeploymentPostprocessing = 0;
		};
/* End PBXResourcesBuildPhase section */

/* Begin PBXSourcesBuildPhase section */
		3787CB7E06C65D91855706C3 /* Sources */ = {
			isa = PBXSourcesBuildPhase;
			buildActionMask = 2147483647;
			files = (
				DDB5C9151611C89EFFB671F0 /* ContentView.swift in Sources */,
				B8B4BA1F10F735DE4F09A5F2 /* Game.swift in Sources */,
				508D3BE089EB84B16456089A /* QuotableApp.swift in Sources */,
				7DFF7D7B40A63846C0C2A765 /* Quote.swift in Sources */,
				2071D5C2988CAEE90B8626D6 /* Sound.swift in Sources */,
				48941AFBAABFD77F30E81011 /* Theme.swift in Sources */,
			);
			runOnlyForDeploymentPostprocessing = 0;
		};
/* End PBXSourcesBuildPhase section */

/* Begin XCBuildConfiguration section */
		9AC89D83DA88B4AC8839D2F2 /* Debug */ = {
	buildSettings = {
		"ALWAYS_SEARCH_USER_PATHS" = NO;
		"CLANG_ANALYZER_NONNULL" = YES;
		"CLANG_ANALYZER_NUMBER_OBJECT_CONVERSION" = "YES_AGGRESSIVE";
		"CLANG_CXX_LANGUAGE_STANDARD" = "gnu++14";
		"CLANG_CXX_LIBRARY" = "libc++";
		"CLANG_ENABLE_MODULES" = YES;
		"CLANG_ENABLE_OBJC_ARC" = YES;
		"CLANG_ENABLE_OBJC_WEAK" = YES;
		"CLANG_WARN_BLOCK_CAPTURE_AUTORELEASING" = YES;
		"CLANG_WARN_BOOL_CONVERSION" = YES;
		"CLANG_WARN_COMMA" = YES;
		"CLANG_WARN_CONSTANT_CONVERSION" = YES;
		"CLANG_WARN_DEPRECATED_OBJC_IMPLEMENTATIONS" = YES;
		"CLANG_WARN_DIRECT_OBJC_ISA_USAGE" = "YES_ERROR";
		"CLANG_WARN_DOCUMENTATION_COMMENTS" = YES;
		"CLANG_WARN_EMPTY_BODY" = YES;
		"CLANG_WARN_ENUM_CONVERSION" = YES;
		"CLANG_WARN_INFINITE_RECURSION" = YES;
		"CLANG_WARN_INT_CONVERSION" = YES;
		"CLANG_WARN_NON_LITERAL_NULL_CONVERSION" = YES;
		"CLANG_WARN_OBJC_IMPLICIT_RETAIN_SELF" = YES;
		"CLANG_WARN_OBJC_LITERAL_CONVERSION" = YES;
		"CLANG_WARN_OBJC_ROOT_CLASS" = "YES_ERROR";
		"CLANG_WARN_QUOTED_INCLUDE_IN_FRAMEWORK_HEADER" = YES;
		"CLANG_WARN_RANGE_LOOP_ANALYSIS" = YES;
		"CLANG_WARN_STRICT_PROTOTYPES" = YES;
		"CLANG_WARN_SUSPICIOUS_MOVE" = YES;
		"CLANG_WARN_UNGUARDED_AVAILABILITY" = "YES_AGGRESSIVE";
		"CLANG_WARN_UNREACHABLE_CODE" = YES;
		"CLANG_WARN__DUPLICATE_METHOD_MATCH" = YES;
		"COPY_PHASE_STRIP" = NO;
		"CURRENT_PROJECT_VERSION" = 202609021235;
		"DEBUG_INFORMATION_FORMAT" = dwarf;
		"ENABLE_STRICT_OBJC_MSGSEND" = YES;
		"ENABLE_TESTABILITY" = YES;
		"GCC_C_LANGUAGE_STANDARD" = gnu11;
		"GCC_DYNAMIC_NO_PIC" = NO;
		"GCC_NO_COMMON_BLOCKS" = YES;
		"GCC_OPTIMIZATION_LEVEL" = 0;
		"GCC_PREPROCESSOR_DEFINITIONS" = (
			"$(inherited)",
			"DEBUG=1",
		);
		"GCC_WARN_64_TO_32_BIT_CONVERSION" = YES;
		"GCC_WARN_ABOUT_RETURN_TYPE" = "YES_ERROR";
		"GCC_WARN_UNDECLARED_SELECTOR" = YES;
		"GCC_WARN_UNINITIALIZED_AUTOS" = "YES_AGGRESSIVE";
		"GCC_WARN_UNUSED_FUNCTION" = YES;
		"GCC_WARN_UNUSED_VARIABLE" = YES;
		"IPHONEOS_DEPLOYMENT_TARGET" = "17.0";
		"MARKETING_VERSION" = "1.2";
		"MTL_ENABLE_DEBUG_INFO" = "INCLUDE_SOURCE";
		"MTL_FAST_MATH" = YES;
		"ONLY_ACTIVE_ARCH" = YES;
		"PRODUCT_NAME" = "$(TARGET_NAME)";
		SDKROOT = iphoneos;
		"SWIFT_ACTIVE_COMPILATION_CONDITIONS" = DEBUG;
		"SWIFT_OPTIMIZATION_LEVEL" = "-Onone";
		"SWIFT_VERSION" = "5.9";
	};
	isa = XCBuildConfiguration;
	name = Debug;
};
		AE64ECED9E17649B09060DE1 /* Release */ = {
			isa = XCBuildConfiguration;
			buildSettings = {
				ASSETCATALOG_COMPILER_APPICON_NAME = AppIcon;
				CODE_SIGN_ENTITLEMENTS = Quotable.entitlements;
				CODE_SIGN_IDENTITY = "iPhone Developer";
				CODE_SIGN_STYLE = Automatic;
				DEVELOPMENT_TEAM = QMM486NPYC;
				GENERATE_INFOPLIST_FILE = NO;
				INFOPLIST_FILE = Quotable/Info.plist;
				LD_RUNPATH_SEARCH_PATHS = (
					"$(inherited)",
					"@executable_path/Frameworks",
				);
				PRODUCT_BUNDLE_IDENTIFIER = com.heyitsmejosh.quotable;
				SDKROOT = iphoneos;
				TARGETED_DEVICE_FAMILY = "1,2";
			};
			name = Release;
		};
		B1DBEF5C9D9B2DF9614CF12E /* Debug */ = {
			isa = XCBuildConfiguration;
			buildSettings = {
				ASSETCATALOG_COMPILER_APPICON_NAME = AppIcon;
				CODE_SIGN_ENTITLEMENTS = Quotable.entitlements;
				CODE_SIGN_IDENTITY = "iPhone Developer";
				CODE_SIGN_STYLE = Automatic;
				DEVELOPMENT_TEAM = QMM486NPYC;
				GENERATE_INFOPLIST_FILE = NO;
				INFOPLIST_FILE = Quotable/Info.plist;
				LD_RUNPATH_SEARCH_PATHS = (
					"$(inherited)",
					"@executable_path/Frameworks",
				);
				PRODUCT_BUNDLE_IDENTIFIER = com.heyitsmejosh.quotable;
				SDKROOT = iphoneos;
				TARGETED_DEVICE_FAMILY = "1,2";
			};
			name = Debug;
		};
		B4D7C7B4D45F62F0E4226843 /* Release */ = {
	buildSettings = {
		"ALWAYS_SEARCH_USER_PATHS" = NO;
		"CLANG_ANALYZER_NONNULL" = YES;
		"CLANG_ANALYZER_NUMBER_OBJECT_CONVERSION" = "YES_AGGRESSIVE";
		"CLANG_CXX_LANGUAGE_STANDARD" = "gnu++14";
		"CLANG_CXX_LIBRARY" = "libc++";
		"CLANG_ENABLE_MODULES" = YES;
		"CLANG_ENABLE_OBJC_ARC" = YES;
		"CLANG_ENABLE_OBJC_WEAK" = YES;
		"CLANG_WARN_BLOCK_CAPTURE_AUTORELEASING" = YES;
		"CLANG_WARN_BOOL_CONVERSION" = YES;
		"CLANG_WARN_COMMA" = YES;
		"CLANG_WARN_CONSTANT_CONVERSION" = YES;
		"CLANG_WARN_DEPRECATED_OBJC_IMPLEMENTATIONS" = YES;
		"CLANG_WARN_DIRECT_OBJC_ISA_USAGE" = "YES_ERROR";
		"CLANG_WARN_DOCUMENTATION_COMMENTS" = YES;
		"CLANG_WARN_EMPTY_BODY" = YES;
		"CLANG_WARN_ENUM_CONVERSION" = YES;
		"CLANG_WARN_INFINITE_RECURSION" = YES;
		"CLANG_WARN_INT_CONVERSION" = YES;
		"CLANG_WARN_NON_LITERAL_NULL_CONVERSION" = YES;
		"CLANG_WARN_OBJC_IMPLICIT_RETAIN_SELF" = YES;
		"CLANG_WARN_OBJC_LITERAL_CONVERSION" = YES;
		"CLANG_WARN_OBJC_ROOT_CLASS" = "YES_ERROR";
		"CLANG_WARN_QUOTED_INCLUDE_IN_FRAMEWORK_HEADER" = YES;
		"CLANG_WARN_RANGE_LOOP_ANALYSIS" = YES;
		"CLANG_WARN_STRICT_PROTOTYPES" = YES;
		"CLANG_WARN_SUSPICIOUS_MOVE" = YES;
		"CLANG_WARN_UNGUARDED_AVAILABILITY" = "YES_AGGRESSIVE";
		"CLANG_WARN_UNREACHABLE_CODE" = YES;
		"CLANG_WARN__DUPLICATE_METHOD_MATCH" = YES;
		"COPY_PHASE_STRIP" = NO;
		"CURRENT_PROJECT_VERSION" = 202609021235;
		"DEBUG_INFORMATION_FORMAT" = "dwarf-with-dsym";
		"ENABLE_NS_ASSERTIONS" = NO;
		"ENABLE_STRICT_OBJC_MSGSEND" = YES;
		"GCC_C_LANGUAGE_STANDARD" = gnu11;
		"GCC_NO_COMMON_BLOCKS" = YES;
		"GCC_WARN_64_TO_32_BIT_CONVERSION" = YES;
		"GCC_WARN_ABOUT_RETURN_TYPE" = "YES_ERROR";
		"GCC_WARN_UNDECLARED_SELECTOR" = YES;
		"GCC_WARN_UNINITIALIZED_AUTOS" = "YES_AGGRESSIVE";
		"GCC_WARN_UNUSED_FUNCTION" = YES;
		"GCC_WARN_UNUSED_VARIABLE" = YES;
		"IPHONEOS_DEPLOYMENT_TARGET" = "17.0";
		"MARKETING_VERSION" = "1.2";
		"MTL_ENABLE_DEBUG_INFO" = NO;
		"MTL_FAST_MATH" = YES;
		"PRODUCT_NAME" = "$(TARGET_NAME)";
		SDKROOT = iphoneos;
		"SWIFT_COMPILATION_MODE" = wholemodule;
		"SWIFT_OPTIMIZATION_LEVEL" = "-O";
		"SWIFT_VERSION" = "5.9";
	};
	isa = XCBuildConfiguration;
	name = Release;
};
/* End XCBuildConfiguration section */

/* Begin XCConfigurationList section */
		1D442B0A51CC27B51A46E73A /* Build configuration list for PBXProject "Quotable" */ = {
			isa = XCConfigurationList;
			buildConfigurations = (
				9AC89D83DA88B4AC8839D2F2 /* Debug */,
				B4D7C7B4D45F62F0E4226843 /* Release */,
			);
			defaultConfigurationIsVisible = 0;
			defaultConfigurationName = Debug;
		};
		B606E21A725C34D91E2B4604 /* Build configuration list for PBXNativeTarget "Quotable" */ = {
			isa = XCConfigurationList;
			buildConfigurations = (
				B1DBEF5C9D9B2DF9614CF12E /* Debug */,
				AE64ECED9E17649B09060DE1 /* Release */,
			);
			defaultConfigurationIsVisible = 0;
			defaultConfigurationName = Debug;
		};
/* End XCConfigurationList section */
	};
	rootObject = E9E01AF695ABA39709AFE4F9 /* Project object */;
}
